# This file is generated by running "yarn install" inside your project.
# Manual changes might be lost - proceed with caution!

__metadata:
  version: 6
  cacheKey: 8

"@lukeed/csprng@npm:^1.0.0":
  version: 1.1.0
  resolution: "@lukeed/csprng@npm:1.1.0"
  checksum: 926f5f7fc629470ca9a8af355bfcd0271d34535f7be3890f69902432bddc3262029bb5dbe9025542cf6c9883d878692eef2815fc2f3ba5b92e9da1f9eba2e51b
  languageName: node
  linkType: hard

"@nestjs/common@npm:^10.2.3":
  version: 10.2.3
  resolution: "@nestjs/common@npm:10.2.3"
  dependencies:
    iterare: 1.2.1
    tslib: 2.6.2
    uid: 2.0.2
  peerDependencies:
    class-transformer: "*"
    class-validator: "*"
    reflect-metadata: ^0.1.12
    rxjs: ^7.1.0
  peerDependenciesMeta:
    class-transformer:
      optional: true
    class-validator:
      optional: true
  checksum: 047db662763c4cc7bb1c3b4be68d9ac0e0b80ea7bdaabee7d205cb8e48513b3ca63f883b1055c729454432813bfe5cd115a8da4a823ec3f550eb1505c573e7dc
  languageName: node
  linkType: hard

"@types/node@npm:^18.0.0":
  version: 18.17.12
  resolution: "@types/node@npm:18.17.12"
  checksum: 79f8bcca3067a3c529f30e172df8d14f25ab9e4cd6a05ed897a924ab1dec774e8ea172ef5c4a67ffec433d423a0c81778f17db22606d574bc83871b60aab298e
  languageName: node
  linkType: hard

"iterare@npm:1.2.1":
  version: 1.2.1
  resolution: "iterare@npm:1.2.1"
  checksum: 70bc80038e3718aa9072bc63b3a0135166d7120bde46bfcaf80a88d11005dcef1b2d69cd353849f87a3f58ba8f546a8c6e6983408236ff01fa50b52339ee5223
  languageName: node
  linkType: hard

"nestjs-color-logger@workspace:.":
  version: 0.0.0-use.local
  resolution: "nestjs-color-logger@workspace:."
  dependencies:
    "@nestjs/common": ^10.2.3
    "@types/node": ^18.0.0
    rxjs: ^7.8.1
    typescript: ^4.0.0
  peerDependencies:
    "@nestjs/common": ^10.2.3
    rxjs: ^7.8.1
  languageName: unknown
  linkType: soft

"rxjs@npm:^7.8.1":
  version: 7.8.1
  resolution: "rxjs@npm:7.8.1"
  dependencies:
    tslib: ^2.1.0
  checksum: de4b53db1063e618ec2eca0f7965d9137cabe98cf6be9272efe6c86b47c17b987383df8574861bcced18ebd590764125a901d5506082be84a8b8e364bf05f119
  languageName: node
  linkType: hard

"tslib@npm:2.6.2, tslib@npm:^2.1.0":
  version: 2.6.2
  resolution: "tslib@npm:2.6.2"
  checksum: 329ea56123005922f39642318e3d1f0f8265d1e7fcb92c633e0809521da75eeaca28d2cf96d7248229deb40e5c19adf408259f4b9640afd20d13aecc1430f3ad
  languageName: node
  linkType: hard

"typescript@npm:^4.0.0":
  version: 4.9.5
  resolution: "typescript@npm:4.9.5"
  bin:
    tsc: bin/tsc
    tsserver: bin/tsserver
  checksum: ee000bc26848147ad423b581bd250075662a354d84f0e06eb76d3b892328d8d4440b7487b5a83e851b12b255f55d71835b008a66cbf8f255a11e4400159237db
  languageName: node
  linkType: hard

"typescript@patch:typescript@^4.0.0#~builtin<compat/typescript>":
  version: 4.9.5
  resolution: "typescript@patch:typescript@npm%3A4.9.5#~builtin<compat/typescript>::version=4.9.5&hash=289587"
  bin:
    tsc: bin/tsc
    tsserver: bin/tsserver
  checksum: 1f8f3b6aaea19f0f67cba79057674ba580438a7db55057eb89cc06950483c5d632115c14077f6663ea76fd09fce3c190e6414bb98582ec80aa5a4eaf345d5b68
  languageName: node
  linkType: hard

"uid@npm:2.0.2":
  version: 2.0.2
  resolution: "uid@npm:2.0.2"
  dependencies:
    "@lukeed/csprng": ^1.0.0
  checksum: 98aabddcd6fe46f9b331b0378a93ee9cc51474348ada02006df9d10b4abc783ed596748ed9f20d7f6c5ff395dbcd1e764a65a68db6f39a31c95ae85ef13fe979
  languageName: node
  linkType: hard
